{
  "name": "tairos",
  "lockfileVersion": 3,
  "requires": true,
  "packages": {
    "": {
      "dependencies": {
        "@huggingface/inference": "^3.5.2"
      }
    },
    "node_modules/@huggingface/inference": {
      "version": "3.5.2",
      "resolved": "https://registry.npmjs.org/@huggingface/inference/-/inference-3.5.2.tgz",
      "integrity": "sha512-MIB1iZTtTBclIFmRL2fbkoxZTuMjziezx87nUzzsPwCX96c+ciilWV+QQZOjOmBlx1ZrfSuJbhwZ1pylSENZnQ==",
      "license": "MIT",
      "dependencies": {
        "@huggingface/tasks": "^0.17.4"
      },
      "engines": {
        "node": ">=18"
      }
    },
    "node_modules/@huggingface/tasks": {
      "version": "0.17.7",
      "resolved": "https://registry.npmjs.org/@huggingface/tasks/-/tasks-0.17.7.tgz",
      "integrity": "sha512-7vQJgg63HhKiyO7tcqjGGXlDlG3UcNdq0XsclaSahgHxiQ9Z4JwHqKEKrtscCHV8cdIDr4rxFJGlICEF84I63A==",
      "license": "MIT"
    }
  }
}
